lockfileVersion: '6.0'

settings:
  autoInstallPeers: true
  excludeLinksFromLockfile: false

dependencies:
  commander:
    specifier: ^12.1.0
    version: 12.1.0
  figlet:
    specifier: ^1.7.0
    version: 1.7.0

devDependencies:
  '@types/node':
    specifier: ^20.14.9
    version: 20.14.9
  typescript:
    specifier: ^5.5.2
    version: 5.5.2

packages:

  /@types/node@20.14.9:
    resolution: {integrity: sha512-06OCtnTXtWOZBJlRApleWndH4JsRVs1pDCc8dLSQp+7PpUpX3ePdHyeNSFTeSe7FtKyQkrlPvHwJOW3SLd8Oyg==}
    dependencies:
      undici-types: 5.26.5
    dev: true

  /commander@12.1.0:
    resolution: {integrity: sha512-Vw8qHK3bZM9y/P10u3Vib8o/DdkvA2OtPtZvD871QKjy74Wj1WSKFILMPRPSdUSx5RFK1arlJzEtA4PkFgnbuA==}
    engines: {node: '>=18'}
    dev: false

  /figlet@1.7.0:
    resolution: {integrity: sha512-gO8l3wvqo0V7wEFLXPbkX83b7MVjRrk1oRLfYlZXol8nEpb/ON9pcKLI4qpBv5YtOTfrINtqb7b40iYY2FTWFg==}
    engines: {node: '>= 0.4.0'}
    hasBin: true
    dev: false

  /typescript@5.5.2:
    resolution: {integrity: sha512-NcRtPEOsPFFWjobJEtfihkLCZCXZt/os3zf8nTxjVH3RvTSxjrCamJpbExGvYOF+tFHc3pA65qpdwPbzjohhew==}
    engines: {node: '>=14.17'}
    hasBin: true
    dev: true

  /undici-types@5.26.5:
    resolution: {integrity: sha512-JlCMO+ehdEIKqlFxk6IfVoAUVmgz7cU7zD/h9XZ0qzeosSHmUJVOzSQvvYSYWXkFXC+IfLKSIffhv0sVZup6pA==}
    dev: true
